
Microsoft Visual Studio Solution File, Format Version 12.00
# Visual Studio 15
VisualStudioVersion = 15.0.28307.2092
MinimumVisualStudioVersion = 10.0.40219.1
Project("{FAE04EC0-301F-11D3-BF4B-00C04F79EFBC}") = "F74105012_practice_6_2", "F74105012_practice_6_2\F74105012_practice_6_2.csproj", "{7AA871E4-03C1-413C-8A86-B2A9A09B0CCA}"
EndProject
Global
	GlobalSection(SolutionConfigurationPlatforms) = preSolution
		Debug|Any CPU = Debug|Any CPU
		Release|Any CPU = Release|Any CPU
	EndGlobalSection
	GlobalSection(ProjectConfigurationPlatforms) = postSolution
		{7AA871E4-03C1-413C-8A86-B2A9A09B0CCA}.Debug|Any CPU.ActiveCfg = Debug|Any CPU
		{7AA871E4-03C1-413C-8A86-B2A9A09B0CCA}.Debug|Any CPU.Build.0 = Debug|Any CPU
		{7AA871E4-03C1-413C-8A86-B2A9A09B0CCA}.Release|Any CPU.ActiveCfg = Release|Any CPU
		{7AA871E4-03C1-413C-8A86-B2A9A09B0CCA}.Release|Any CPU.Build.0 = Release|Any CPU
	EndGlobalSection
	GlobalSection(SolutionProperties) = preSolution
		HideSolutionNode = FALSE
	EndGlobalSection
	GlobalSection(ExtensibilityGlobals) = postSolution
		SolutionGuid = {CF1482E9-95B8-450D-AE0E-85E2A096DB3A}
	EndGlobalSection
EndGlobal
